Microsoft Visual Studio Solution File, Format Version 12.00
# Visual Studio Version 17
VisualStudioVersion = 17.5.2.0
MinimumVisualStudioVersion = 10.0.40219.1
Project("{FAE04EC0-301F-11D3-BF4B-00C04F79EFBC}") = "FractalDataWorks.EnhancedEnums", "FractalDataWorks.EnhancedEnums.csproj", "{A0D19667-7427-E532-6A09-96BD574E7881}"
EndProject
Global
	GlobalSection(SolutionConfigurationPlatforms) = preSolution
		Debug|Any CPU = Debug|Any CPU
		Release|Any CPU = Release|Any CPU
	EndGlobalSection
	GlobalSection(ProjectConfigurationPlatforms) = postSolution
		{A0D19667-7427-E532-6A09-96BD574E7881}.Debug|Any CPU.ActiveCfg = Debug|Any CPU
		{A0D19667-7427-E532-6A09-96BD574E7881}.Debug|Any CPU.Build.0 = Debug|Any CPU
		{A0D19667-7427-E532-6A09-96BD574E7881}.Release|Any CPU.ActiveCfg = Release|Any CPU
		{A0D19667-7427-E532-6A09-96BD574E7881}.Release|Any CPU.Build.0 = Release|Any CPU
	EndGlobalSection
	GlobalSection(SolutionProperties) = preSolution
		HideSolutionNode = FALSE
	EndGlobalSection
	GlobalSection(ExtensibilityGlobals) = postSolution
		SolutionGuid = {D71C7E33-0CC2-4D0D-A21B-326A3D256DD1}
	EndGlobalSection
EndGlobal
