
Microsoft Visual Studio Solution File, Format Version 12.00
# Visual Studio Version 17
VisualStudioVersion = 17.0.31903.59
MinimumVisualStudioVersion = 10.0.40219.1
Project("{2150E333-8FDC-42A3-9474-1A3956D46DE8}") = "src", "src", "{8D8F7F3E-1C8C-4B3E-B9A0-3F0C2E5F1234}"
EndProject
Project("{9A19103F-16F7-4668-BE54-9A1E7A4F7556}") = "FractalDataWorks.EnhancedEnums", "src\FractalDataWorks.EnhancedEnums\FractalDataWorks.EnhancedEnums.csproj", "{B2C3D4E5-F6A7-8901-2345-678901BCDEF0}"
EndProject
Project("{2150E333-8FDC-42A3-9474-1A3956D46DE8}") = "tests", "tests", "{9E9F8F4E-2D9D-5C4F-C0B1-4F1D3E6F2345}"
EndProject
Project("{9A19103F-16F7-4668-BE54-9A1E7A4F7556}") = "FractalDataWorks.EnhancedEnums.Tests", "tests\FractalDataWorks.EnhancedEnums.Tests\FractalDataWorks.EnhancedEnums.Tests.csproj", "{C3D4E5F6-A7B8-9012-3456-789012CDEF01}"
EndProject
Project("{2150E333-8FDC-42A3-9474-1A3956D46DE8}") = "Solution Items", "Solution Items", "{AE0F9F5E-3E0E-6D5F-D1C2-5F2E4E7F3456}"
	ProjectSection(SolutionItems) = preProject
		.editorconfig = .editorconfig
		.gitignore = .gitignore
		azure-pipelines.yml = azure-pipelines.yml
		Directory.Build.props = Directory.Build.props
		Directory.Packages.props = Directory.Packages.props
		README.md = README.md
		version.json = version.json
	EndProjectSection
EndProject
Project("{FAE04EC0-301F-11D3-BF4B-00C04F79EFBC}") = "FractalDataWorks.EnhancedEnums.CodeFixes", "src\FractalDataWorks.EnhancedEnums.CodeFixes\FractalDataWorks.EnhancedEnums.CodeFixes.csproj", "{69582C63-FF31-4874-87A0-6FFB7C087184}"
EndProject
Project("{FAE04EC0-301F-11D3-BF4B-00C04F79EFBC}") = "FractalDataWorks", "src\FractalDataWorks\FractalDataWorks.csproj", "{C762842E-D3DD-4556-8F49-EB5E283CBB29}"
EndProject
Project("{FAE04EC0-301F-11D3-BF4B-00C04F79EFBC}") = "FractalDataWorks.Tests", "tests\FractalDataWorks.Tests\FractalDataWorks.Tests.csproj", "{4CD47176-42A5-4FFB-BD2A-36FCC394D47E}"
EndProject
Project("{FAE04EC0-301F-11D3-BF4B-00C04F79EFBC}") = "FractalDataWorks.SmartGenerators", "src\FractalDataWorks.SmartGenerators\FractalDataWorks.SmartGenerators.csproj", "{04A2E17C-06BA-42D9-B719-D33B71D871FA}"
EndProject
Project("{FAE04EC0-301F-11D3-BF4B-00C04F79EFBC}") = "FractalDataWorks.SmartGenerators.CodeBuilders", "src\FractalDataWorks.SmartGenerators.CodeBuilders\FractalDataWorks.SmartGenerators.CodeBuilders.csproj", "{C211EDA9-1946-4DEB-9B05-82DD21B08AC9}"
EndProject
Project("{FAE04EC0-301F-11D3-BF4B-00C04F79EFBC}") = "FractalDataWorks.SmartGenerators.TestUtilities", "src\FractalDataWorks.SmartGenerators.TestUtilities\FractalDataWorks.SmartGenerators.TestUtilities.csproj", "{E87FE1B3-2434-471A-9594-783A1011B7D9}"
EndProject
Project("{FAE04EC0-301F-11D3-BF4B-00C04F79EFBC}") = "FractalDataWorks.SmartGenerators.Tests", "tests\FractalDataWorks.SmartGenerators.Tests\FractalDataWorks.SmartGenerators.Tests.csproj", "{C88B9C2F-B25B-4578-93EF-4FE3A46148F8}"
EndProject
Project("{FAE04EC0-301F-11D3-BF4B-00C04F79EFBC}") = "FractalDataWorks.SmartGenerators.CodeBuilder.Tests", "tests\FractalDataWorks.SmartGenerators.CodeBuilder.Tests\FractalDataWorks.SmartGenerators.CodeBuilder.Tests.csproj", "{9C45F25A-1FC8-484C-BCB5-7AF60C23EC25}"
EndProject
Project("{FAE04EC0-301F-11D3-BF4B-00C04F79EFBC}") = "FractalDataWorks.SmartGenerators.TestUtilities.Tests", "tests\FractalDataWorks.SmartGenerators.TestUtilities.Tests\FractalDataWorks.SmartGenerators.TestUtilities.Tests.csproj", "{CF9E8512-3306-4CEA-BEAF-426BCD373A5C}"
EndProject
Project("{2150E333-8FDC-42A3-9474-1A3956D46DE8}") = "samples", "samples", "{5D20AA90-6969-D8BD-9DCD-8634F4692FDA}"
EndProject
Project("{2150E333-8FDC-42A3-9474-1A3956D46DE8}") = "CrossAssemblyScanner", "CrossAssemblyScanner", "{A1206C6F-2C18-E164-1334-8FCB7B064F21}"
EndProject
Project("{FAE04EC0-301F-11D3-BF4B-00C04F79EFBC}") = "ConsoleApp", "samples\CrossAssemblyScanner\ConsoleApp\ConsoleApp.csproj", "{C2B46ED7-6AE1-4289-BCE2-F3BEA26AAF99}"
EndProject
Project("{FAE04EC0-301F-11D3-BF4B-00C04F79EFBC}") = "ColorOption.Library", "samples\CrossAssemblyScanner\ColorOption.Library\ColorOption.Library.csproj", "{AE49468D-5047-4B82-836A-DD3829C7F9AA}"
EndProject
Project("{FAE04EC0-301F-11D3-BF4B-00C04F79EFBC}") = "Red.Library", "samples\CrossAssemblyScanner\Red.Library\Red.Library.csproj", "{EECC876E-69A0-4FB1-88CF-7BA042A796E4}"
EndProject
Project("{FAE04EC0-301F-11D3-BF4B-00C04F79EFBC}") = "Blue.Library", "samples\CrossAssemblyScanner\Blue.Library\Blue.Library.csproj", "{0639A7F8-9C15-434F-9941-A394F628B560}"
EndProject
Global
	GlobalSection(SolutionConfigurationPlatforms) = preSolution
		Alpha|Any CPU = Alpha|Any CPU
		Alpha|x64 = Alpha|x64
		Alpha|x86 = Alpha|x86
		Beta|Any CPU = Beta|Any CPU
		Beta|x64 = Beta|x64
		Beta|x86 = Beta|x86
		Debug|Any CPU = Debug|Any CPU
		Debug|x64 = Debug|x64
		Debug|x86 = Debug|x86
		Experimental|Any CPU = Experimental|Any CPU
		Experimental|x64 = Experimental|x64
		Experimental|x86 = Experimental|x86
		Preview|Any CPU = Preview|Any CPU
		Preview|x64 = Preview|x64
		Preview|x86 = Preview|x86
		Release|Any CPU = Release|Any CPU
		Release|x64 = Release|x64
		Release|x86 = Release|x86
	EndGlobalSection
	GlobalSection(ProjectConfigurationPlatforms) = postSolution
		{B2C3D4E5-F6A7-8901-2345-678901BCDEF0}.Alpha|Any CPU.ActiveCfg = Alpha|Any CPU
		{B2C3D4E5-F6A7-8901-2345-678901BCDEF0}.Alpha|Any CPU.Build.0 = Alpha|Any CPU
		{B2C3D4E5-F6A7-8901-2345-678901BCDEF0}.Alpha|x64.ActiveCfg = Alpha|Any CPU
		{B2C3D4E5-F6A7-8901-2345-678901BCDEF0}.Alpha|x64.Build.0 = Alpha|Any CPU
		{B2C3D4E5-F6A7-8901-2345-678901BCDEF0}.Alpha|x86.ActiveCfg = Alpha|Any CPU
		{B2C3D4E5-F6A7-8901-2345-678901BCDEF0}.Alpha|x86.Build.0 = Alpha|Any CPU
		{B2C3D4E5-F6A7-8901-2345-678901BCDEF0}.Beta|Any CPU.ActiveCfg = Beta|Any CPU
		{B2C3D4E5-F6A7-8901-2345-678901BCDEF0}.Beta|Any CPU.Build.0 = Beta|Any CPU
		{B2C3D4E5-F6A7-8901-2345-678901BCDEF0}.Beta|x64.ActiveCfg = Beta|Any CPU
		{B2C3D4E5-F6A7-8901-2345-678901BCDEF0}.Beta|x64.Build.0 = Beta|Any CPU
		{B2C3D4E5-F6A7-8901-2345-678901BCDEF0}.Beta|x86.ActiveCfg = Beta|Any CPU
		{B2C3D4E5-F6A7-8901-2345-678901BCDEF0}.Beta|x86.Build.0 = Beta|Any CPU
		{B2C3D4E5-F6A7-8901-2345-678901BCDEF0}.Debug|Any CPU.ActiveCfg = Debug|Any CPU
		{B2C3D4E5-F6A7-8901-2345-678901BCDEF0}.Debug|Any CPU.Build.0 = Debug|Any CPU
		{B2C3D4E5-F6A7-8901-2345-678901BCDEF0}.Debug|x64.ActiveCfg = Debug|Any CPU
		{B2C3D4E5-F6A7-8901-2345-678901BCDEF0}.Debug|x64.Build.0 = Debug|Any CPU
		{B2C3D4E5-F6A7-8901-2345-678901BCDEF0}.Debug|x86.ActiveCfg = Debug|Any CPU
		{B2C3D4E5-F6A7-8901-2345-678901BCDEF0}.Debug|x86.Build.0 = Debug|Any CPU
		{B2C3D4E5-F6A7-8901-2345-678901BCDEF0}.Experimental|Any CPU.ActiveCfg = Experimental|Any CPU
		{B2C3D4E5-F6A7-8901-2345-678901BCDEF0}.Experimental|Any CPU.Build.0 = Experimental|Any CPU
		{B2C3D4E5-F6A7-8901-2345-678901BCDEF0}.Experimental|x64.ActiveCfg = Experimental|Any CPU
		{B2C3D4E5-F6A7-8901-2345-678901BCDEF0}.Experimental|x64.Build.0 = Experimental|Any CPU
		{B2C3D4E5-F6A7-8901-2345-678901BCDEF0}.Experimental|x86.ActiveCfg = Experimental|Any CPU
		{B2C3D4E5-F6A7-8901-2345-678901BCDEF0}.Experimental|x86.Build.0 = Experimental|Any CPU
		{B2C3D4E5-F6A7-8901-2345-678901BCDEF0}.Preview|Any CPU.ActiveCfg = Preview|Any CPU
		{B2C3D4E5-F6A7-8901-2345-678901BCDEF0}.Preview|Any CPU.Build.0 = Preview|Any CPU
		{B2C3D4E5-F6A7-8901-2345-678901BCDEF0}.Preview|x64.ActiveCfg = Preview|Any CPU
		{B2C3D4E5-F6A7-8901-2345-678901BCDEF0}.Preview|x64.Build.0 = Preview|Any CPU
		{B2C3D4E5-F6A7-8901-2345-678901BCDEF0}.Preview|x86.ActiveCfg = Preview|Any CPU
		{B2C3D4E5-F6A7-8901-2345-678901BCDEF0}.Preview|x86.Build.0 = Preview|Any CPU
		{B2C3D4E5-F6A7-8901-2345-678901BCDEF0}.Release|Any CPU.ActiveCfg = Release|Any CPU
		{B2C3D4E5-F6A7-8901-2345-678901BCDEF0}.Release|Any CPU.Build.0 = Release|Any CPU
		{B2C3D4E5-F6A7-8901-2345-678901BCDEF0}.Release|x64.ActiveCfg = Release|Any CPU
		{B2C3D4E5-F6A7-8901-2345-678901BCDEF0}.Release|x64.Build.0 = Release|Any CPU
		{B2C3D4E5-F6A7-8901-2345-678901BCDEF0}.Release|x86.ActiveCfg = Release|Any CPU
		{B2C3D4E5-F6A7-8901-2345-678901BCDEF0}.Release|x86.Build.0 = Release|Any CPU
		{C3D4E5F6-A7B8-9012-3456-789012CDEF01}.Alpha|Any CPU.ActiveCfg = Alpha|Any CPU
		{C3D4E5F6-A7B8-9012-3456-789012CDEF01}.Alpha|Any CPU.Build.0 = Alpha|Any CPU
		{C3D4E5F6-A7B8-9012-3456-789012CDEF01}.Alpha|x64.ActiveCfg = Alpha|Any CPU
		{C3D4E5F6-A7B8-9012-3456-789012CDEF01}.Alpha|x64.Build.0 = Alpha|Any CPU
		{C3D4E5F6-A7B8-9012-3456-789012CDEF01}.Alpha|x86.ActiveCfg = Alpha|Any CPU
		{C3D4E5F6-A7B8-9012-3456-789012CDEF01}.Alpha|x86.Build.0 = Alpha|Any CPU
		{C3D4E5F6-A7B8-9012-3456-789012CDEF01}.Beta|Any CPU.ActiveCfg = Beta|Any CPU
		{C3D4E5F6-A7B8-9012-3456-789012CDEF01}.Beta|Any CPU.Build.0 = Beta|Any CPU
		{C3D4E5F6-A7B8-9012-3456-789012CDEF01}.Beta|x64.ActiveCfg = Beta|Any CPU
		{C3D4E5F6-A7B8-9012-3456-789012CDEF01}.Beta|x64.Build.0 = Beta|Any CPU
		{C3D4E5F6-A7B8-9012-3456-789012CDEF01}.Beta|x86.ActiveCfg = Beta|Any CPU
		{C3D4E5F6-A7B8-9012-3456-789012CDEF01}.Beta|x86.Build.0 = Beta|Any CPU
		{C3D4E5F6-A7B8-9012-3456-789012CDEF01}.Debug|Any CPU.ActiveCfg = Debug|Any CPU
		{C3D4E5F6-A7B8-9012-3456-789012CDEF01}.Debug|Any CPU.Build.0 = Debug|Any CPU
		{C3D4E5F6-A7B8-9012-3456-789012CDEF01}.Debug|x64.ActiveCfg = Debug|Any CPU
		{C3D4E5F6-A7B8-9012-3456-789012CDEF01}.Debug|x64.Build.0 = Debug|Any CPU
		{C3D4E5F6-A7B8-9012-3456-789012CDEF01}.Debug|x86.ActiveCfg = Debug|Any CPU
		{C3D4E5F6-A7B8-9012-3456-789012CDEF01}.Debug|x86.Build.0 = Debug|Any CPU
		{C3D4E5F6-A7B8-9012-3456-789012CDEF01}.Experimental|Any CPU.ActiveCfg = Experimental|Any CPU
		{C3D4E5F6-A7B8-9012-3456-789012CDEF01}.Experimental|Any CPU.Build.0 = Experimental|Any CPU
		{C3D4E5F6-A7B8-9012-3456-789012CDEF01}.Experimental|x64.ActiveCfg = Experimental|Any CPU
		{C3D4E5F6-A7B8-9012-3456-789012CDEF01}.Experimental|x64.Build.0 = Experimental|Any CPU
		{C3D4E5F6-A7B8-9012-3456-789012CDEF01}.Experimental|x86.ActiveCfg = Experimental|Any CPU
		{C3D4E5F6-A7B8-9012-3456-789012CDEF01}.Experimental|x86.Build.0 = Experimental|Any CPU
		{C3D4E5F6-A7B8-9012-3456-789012CDEF01}.Preview|Any CPU.ActiveCfg = Preview|Any CPU
		{C3D4E5F6-A7B8-9012-3456-789012CDEF01}.Preview|Any CPU.Build.0 = Preview|Any CPU
		{C3D4E5F6-A7B8-9012-3456-789012CDEF01}.Preview|x64.ActiveCfg = Preview|Any CPU
		{C3D4E5F6-A7B8-9012-3456-789012CDEF01}.Preview|x64.Build.0 = Preview|Any CPU
		{C3D4E5F6-A7B8-9012-3456-789012CDEF01}.Preview|x86.ActiveCfg = Preview|Any CPU
		{C3D4E5F6-A7B8-9012-3456-789012CDEF01}.Preview|x86.Build.0 = Preview|Any CPU
		{C3D4E5F6-A7B8-9012-3456-789012CDEF01}.Release|Any CPU.ActiveCfg = Release|Any CPU
		{C3D4E5F6-A7B8-9012-3456-789012CDEF01}.Release|Any CPU.Build.0 = Release|Any CPU
		{C3D4E5F6-A7B8-9012-3456-789012CDEF01}.Release|x64.ActiveCfg = Release|Any CPU
		{C3D4E5F6-A7B8-9012-3456-789012CDEF01}.Release|x64.Build.0 = Release|Any CPU
		{C3D4E5F6-A7B8-9012-3456-789012CDEF01}.Release|x86.ActiveCfg = Release|Any CPU
		{C3D4E5F6-A7B8-9012-3456-789012CDEF01}.Release|x86.Build.0 = Release|Any CPU
		{69582C63-FF31-4874-87A0-6FFB7C087184}.Alpha|Any CPU.ActiveCfg = Alpha|Any CPU
		{69582C63-FF31-4874-87A0-6FFB7C087184}.Alpha|Any CPU.Build.0 = Alpha|Any CPU
		{69582C63-FF31-4874-87A0-6FFB7C087184}.Alpha|x64.ActiveCfg = Alpha|Any CPU
		{69582C63-FF31-4874-87A0-6FFB7C087184}.Alpha|x64.Build.0 = Alpha|Any CPU
		{69582C63-FF31-4874-87A0-6FFB7C087184}.Alpha|x86.ActiveCfg = Alpha|Any CPU
		{69582C63-FF31-4874-87A0-6FFB7C087184}.Alpha|x86.Build.0 = Alpha|Any CPU
		{69582C63-FF31-4874-87A0-6FFB7C087184}.Beta|Any CPU.ActiveCfg = Beta|Any CPU
		{69582C63-FF31-4874-87A0-6FFB7C087184}.Beta|Any CPU.Build.0 = Beta|Any CPU
		{69582C63-FF31-4874-87A0-6FFB7C087184}.Beta|x64.ActiveCfg = Beta|Any CPU
		{69582C63-FF31-4874-87A0-6FFB7C087184}.Beta|x64.Build.0 = Beta|Any CPU
		{69582C63-FF31-4874-87A0-6FFB7C087184}.Beta|x86.ActiveCfg = Beta|Any CPU
		{69582C63-FF31-4874-87A0-6FFB7C087184}.Beta|x86.Build.0 = Beta|Any CPU
		{69582C63-FF31-4874-87A0-6FFB7C087184}.Debug|Any CPU.ActiveCfg = Debug|Any CPU
		{69582C63-FF31-4874-87A0-6FFB7C087184}.Debug|Any CPU.Build.0 = Debug|Any CPU
		{69582C63-FF31-4874-87A0-6FFB7C087184}.Debug|x64.ActiveCfg = Debug|Any CPU
		{69582C63-FF31-4874-87A0-6FFB7C087184}.Debug|x64.Build.0 = Debug|Any CPU
		{69582C63-FF31-4874-87A0-6FFB7C087184}.Debug|x86.ActiveCfg = Debug|Any CPU
		{69582C63-FF31-4874-87A0-6FFB7C087184}.Debug|x86.Build.0 = Debug|Any CPU
		{69582C63-FF31-4874-87A0-6FFB7C087184}.Experimental|Any CPU.ActiveCfg = Experimental|Any CPU
		{69582C63-FF31-4874-87A0-6FFB7C087184}.Experimental|Any CPU.Build.0 = Experimental|Any CPU
		{69582C63-FF31-4874-87A0-6FFB7C087184}.Experimental|x64.ActiveCfg = Experimental|Any CPU
		{69582C63-FF31-4874-87A0-6FFB7C087184}.Experimental|x64.Build.0 = Experimental|Any CPU
		{69582C63-FF31-4874-87A0-6FFB7C087184}.Experimental|x86.ActiveCfg = Experimental|Any CPU
		{69582C63-FF31-4874-87A0-6FFB7C087184}.Experimental|x86.Build.0 = Experimental|Any CPU
		{69582C63-FF31-4874-87A0-6FFB7C087184}.Preview|Any CPU.ActiveCfg = Preview|Any CPU
		{69582C63-FF31-4874-87A0-6FFB7C087184}.Preview|Any CPU.Build.0 = Preview|Any CPU
		{69582C63-FF31-4874-87A0-6FFB7C087184}.Preview|x64.ActiveCfg = Preview|Any CPU
		{69582C63-FF31-4874-87A0-6FFB7C087184}.Preview|x64.Build.0 = Preview|Any CPU
		{69582C63-FF31-4874-87A0-6FFB7C087184}.Preview|x86.ActiveCfg = Preview|Any CPU
		{69582C63-FF31-4874-87A0-6FFB7C087184}.Preview|x86.Build.0 = Preview|Any CPU
		{69582C63-FF31-4874-87A0-6FFB7C087184}.Release|Any CPU.ActiveCfg = Release|Any CPU
		{69582C63-FF31-4874-87A0-6FFB7C087184}.Release|Any CPU.Build.0 = Release|Any CPU
		{69582C63-FF31-4874-87A0-6FFB7C087184}.Release|x64.ActiveCfg = Release|Any CPU
		{69582C63-FF31-4874-87A0-6FFB7C087184}.Release|x64.Build.0 = Release|Any CPU
		{69582C63-FF31-4874-87A0-6FFB7C087184}.Release|x86.ActiveCfg = Release|Any CPU
		{69582C63-FF31-4874-87A0-6FFB7C087184}.Release|x86.Build.0 = Release|Any CPU
		{C762842E-D3DD-4556-8F49-EB5E283CBB29}.Alpha|Any CPU.ActiveCfg = Alpha|Any CPU
		{C762842E-D3DD-4556-8F49-EB5E283CBB29}.Alpha|Any CPU.Build.0 = Alpha|Any CPU
		{C762842E-D3DD-4556-8F49-EB5E283CBB29}.Alpha|x64.ActiveCfg = Alpha|Any CPU
		{C762842E-D3DD-4556-8F49-EB5E283CBB29}.Alpha|x64.Build.0 = Alpha|Any CPU
		{C762842E-D3DD-4556-8F49-EB5E283CBB29}.Alpha|x86.ActiveCfg = Alpha|Any CPU
		{C762842E-D3DD-4556-8F49-EB5E283CBB29}.Alpha|x86.Build.0 = Alpha|Any CPU
		{C762842E-D3DD-4556-8F49-EB5E283CBB29}.Beta|Any CPU.ActiveCfg = Beta|Any CPU
		{C762842E-D3DD-4556-8F49-EB5E283CBB29}.Beta|Any CPU.Build.0 = Beta|Any CPU
		{C762842E-D3DD-4556-8F49-EB5E283CBB29}.Beta|x64.ActiveCfg = Beta|Any CPU
		{C762842E-D3DD-4556-8F49-EB5E283CBB29}.Beta|x64.Build.0 = Beta|Any CPU
		{C762842E-D3DD-4556-8F49-EB5E283CBB29}.Beta|x86.ActiveCfg = Beta|Any CPU
		{C762842E-D3DD-4556-8F49-EB5E283CBB29}.Beta|x86.Build.0 = Beta|Any CPU
		{C762842E-D3DD-4556-8F49-EB5E283CBB29}.Debug|Any CPU.ActiveCfg = Debug|Any CPU
		{C762842E-D3DD-4556-8F49-EB5E283CBB29}.Debug|Any CPU.Build.0 = Debug|Any CPU
		{C762842E-D3DD-4556-8F49-EB5E283CBB29}.Debug|x64.ActiveCfg = Debug|Any CPU
		{C762842E-D3DD-4556-8F49-EB5E283CBB29}.Debug|x64.Build.0 = Debug|Any CPU
		{C762842E-D3DD-4556-8F49-EB5E283CBB29}.Debug|x86.ActiveCfg = Debug|Any CPU
		{C762842E-D3DD-4556-8F49-EB5E283CBB29}.Debug|x86.Build.0 = Debug|Any CPU
		{C762842E-D3DD-4556-8F49-EB5E283CBB29}.Experimental|Any CPU.ActiveCfg = Experimental|Any CPU
		{C762842E-D3DD-4556-8F49-EB5E283CBB29}.Experimental|Any CPU.Build.0 = Experimental|Any CPU
		{C762842E-D3DD-4556-8F49-EB5E283CBB29}.Experimental|x64.ActiveCfg = Experimental|Any CPU
		{C762842E-D3DD-4556-8F49-EB5E283CBB29}.Experimental|x64.Build.0 = Experimental|Any CPU
		{C762842E-D3DD-4556-8F49-EB5E283CBB29}.Experimental|x86.ActiveCfg = Experimental|Any CPU
		{C762842E-D3DD-4556-8F49-EB5E283CBB29}.Experimental|x86.Build.0 = Experimental|Any CPU
		{C762842E-D3DD-4556-8F49-EB5E283CBB29}.Preview|Any CPU.ActiveCfg = Preview|Any CPU
		{C762842E-D3DD-4556-8F49-EB5E283CBB29}.Preview|Any CPU.Build.0 = Preview|Any CPU
		{C762842E-D3DD-4556-8F49-EB5E283CBB29}.Preview|x64.ActiveCfg = Preview|Any CPU
		{C762842E-D3DD-4556-8F49-EB5E283CBB29}.Preview|x64.Build.0 = Preview|Any CPU
		{C762842E-D3DD-4556-8F49-EB5E283CBB29}.Preview|x86.ActiveCfg = Preview|Any CPU
		{C762842E-D3DD-4556-8F49-EB5E283CBB29}.Preview|x86.Build.0 = Preview|Any CPU
		{C762842E-D3DD-4556-8F49-EB5E283CBB29}.Release|Any CPU.ActiveCfg = Release|Any CPU
		{C762842E-D3DD-4556-8F49-EB5E283CBB29}.Release|Any CPU.Build.0 = Release|Any CPU
		{C762842E-D3DD-4556-8F49-EB5E283CBB29}.Release|x64.ActiveCfg = Release|Any CPU
		{C762842E-D3DD-4556-8F49-EB5E283CBB29}.Release|x64.Build.0 = Release|Any CPU
		{C762842E-D3DD-4556-8F49-EB5E283CBB29}.Release|x86.ActiveCfg = Release|Any CPU
		{C762842E-D3DD-4556-8F49-EB5E283CBB29}.Release|x86.Build.0 = Release|Any CPU
		{4CD47176-42A5-4FFB-BD2A-36FCC394D47E}.Alpha|Any CPU.ActiveCfg = Alpha|Any CPU
		{4CD47176-42A5-4FFB-BD2A-36FCC394D47E}.Alpha|Any CPU.Build.0 = Alpha|Any CPU
		{4CD47176-42A5-4FFB-BD2A-36FCC394D47E}.Alpha|x64.ActiveCfg = Alpha|Any CPU
		{4CD47176-42A5-4FFB-BD2A-36FCC394D47E}.Alpha|x64.Build.0 = Alpha|Any CPU
		{4CD47176-42A5-4FFB-BD2A-36FCC394D47E}.Alpha|x86.ActiveCfg = Alpha|Any CPU
		{4CD47176-42A5-4FFB-BD2A-36FCC394D47E}.Alpha|x86.Build.0 = Alpha|Any CPU
		{4CD47176-42A5-4FFB-BD2A-36FCC394D47E}.Beta|Any CPU.ActiveCfg = Beta|Any CPU
		{4CD47176-42A5-4FFB-BD2A-36FCC394D47E}.Beta|Any CPU.Build.0 = Beta|Any CPU
		{4CD47176-42A5-4FFB-BD2A-36FCC394D47E}.Beta|x64.ActiveCfg = Beta|Any CPU
		{4CD47176-42A5-4FFB-BD2A-36FCC394D47E}.Beta|x64.Build.0 = Beta|Any CPU
		{4CD47176-42A5-4FFB-BD2A-36FCC394D47E}.Beta|x86.ActiveCfg = Beta|Any CPU
		{4CD47176-42A5-4FFB-BD2A-36FCC394D47E}.Beta|x86.Build.0 = Beta|Any CPU
		{4CD47176-42A5-4FFB-BD2A-36FCC394D47E}.Debug|Any CPU.ActiveCfg = Debug|Any CPU
		{4CD47176-42A5-4FFB-BD2A-36FCC394D47E}.Debug|Any CPU.Build.0 = Debug|Any CPU
		{4CD47176-42A5-4FFB-BD2A-36FCC394D47E}.Debug|x64.ActiveCfg = Debug|Any CPU
		{4CD47176-42A5-4FFB-BD2A-36FCC394D47E}.Debug|x64.Build.0 = Debug|Any CPU
		{4CD47176-42A5-4FFB-BD2A-36FCC394D47E}.Debug|x86.ActiveCfg = Debug|Any CPU
		{4CD47176-42A5-4FFB-BD2A-36FCC394D47E}.Debug|x86.Build.0 = Debug|Any CPU
		{4CD47176-42A5-4FFB-BD2A-36FCC394D47E}.Experimental|Any CPU.ActiveCfg = Experimental|Any CPU
		{4CD47176-42A5-4FFB-BD2A-36FCC394D47E}.Experimental|Any CPU.Build.0 = Experimental|Any CPU
		{4CD47176-42A5-4FFB-BD2A-36FCC394D47E}.Experimental|x64.ActiveCfg = Experimental|Any CPU
		{4CD47176-42A5-4FFB-BD2A-36FCC394D47E}.Experimental|x64.Build.0 = Experimental|Any CPU
		{4CD47176-42A5-4FFB-BD2A-36FCC394D47E}.Experimental|x86.ActiveCfg = Experimental|Any CPU
		{4CD47176-42A5-4FFB-BD2A-36FCC394D47E}.Experimental|x86.Build.0 = Experimental|Any CPU
		{4CD47176-42A5-4FFB-BD2A-36FCC394D47E}.Preview|Any CPU.ActiveCfg = Preview|Any CPU
		{4CD47176-42A5-4FFB-BD2A-36FCC394D47E}.Preview|Any CPU.Build.0 = Preview|Any CPU
		{4CD47176-42A5-4FFB-BD2A-36FCC394D47E}.Preview|x64.ActiveCfg = Preview|Any CPU
		{4CD47176-42A5-4FFB-BD2A-36FCC394D47E}.Preview|x64.Build.0 = Preview|Any CPU
		{4CD47176-42A5-4FFB-BD2A-36FCC394D47E}.Preview|x86.ActiveCfg = Preview|Any CPU
		{4CD47176-42A5-4FFB-BD2A-36FCC394D47E}.Preview|x86.Build.0 = Preview|Any CPU
		{4CD47176-42A5-4FFB-BD2A-36FCC394D47E}.Release|Any CPU.ActiveCfg = Release|Any CPU
		{4CD47176-42A5-4FFB-BD2A-36FCC394D47E}.Release|Any CPU.Build.0 = Release|Any CPU
		{4CD47176-42A5-4FFB-BD2A-36FCC394D47E}.Release|x64.ActiveCfg = Release|Any CPU
		{4CD47176-42A5-4FFB-BD2A-36FCC394D47E}.Release|x64.Build.0 = Release|Any CPU
		{4CD47176-42A5-4FFB-BD2A-36FCC394D47E}.Release|x86.ActiveCfg = Release|Any CPU
		{4CD47176-42A5-4FFB-BD2A-36FCC394D47E}.Release|x86.Build.0 = Release|Any CPU
		{04A2E17C-06BA-42D9-B719-D33B71D871FA}.Alpha|Any CPU.ActiveCfg = Alpha|Any CPU
		{04A2E17C-06BA-42D9-B719-D33B71D871FA}.Alpha|Any CPU.Build.0 = Alpha|Any CPU
		{04A2E17C-06BA-42D9-B719-D33B71D871FA}.Alpha|x64.ActiveCfg = Alpha|Any CPU
		{04A2E17C-06BA-42D9-B719-D33B71D871FA}.Alpha|x64.Build.0 = Alpha|Any CPU
		{04A2E17C-06BA-42D9-B719-D33B71D871FA}.Alpha|x86.ActiveCfg = Alpha|Any CPU
		{04A2E17C-06BA-42D9-B719-D33B71D871FA}.Alpha|x86.Build.0 = Alpha|Any CPU
		{04A2E17C-06BA-42D9-B719-D33B71D871FA}.Beta|Any CPU.ActiveCfg = Beta|Any CPU
		{04A2E17C-06BA-42D9-B719-D33B71D871FA}.Beta|Any CPU.Build.0 = Beta|Any CPU
		{04A2E17C-06BA-42D9-B719-D33B71D871FA}.Beta|x64.ActiveCfg = Beta|Any CPU
		{04A2E17C-06BA-42D9-B719-D33B71D871FA}.Beta|x64.Build.0 = Beta|Any CPU
		{04A2E17C-06BA-42D9-B719-D33B71D871FA}.Beta|x86.ActiveCfg = Beta|Any CPU
		{04A2E17C-06BA-42D9-B719-D33B71D871FA}.Beta|x86.Build.0 = Beta|Any CPU
		{04A2E17C-06BA-42D9-B719-D33B71D871FA}.Debug|Any CPU.ActiveCfg = Debug|Any CPU
		{04A2E17C-06BA-42D9-B719-D33B71D871FA}.Debug|Any CPU.Build.0 = Debug|Any CPU
		{04A2E17C-06BA-42D9-B719-D33B71D871FA}.Debug|x64.ActiveCfg = Debug|Any CPU
		{04A2E17C-06BA-42D9-B719-D33B71D871FA}.Debug|x64.Build.0 = Debug|Any CPU
		{04A2E17C-06BA-42D9-B719-D33B71D871FA}.Debug|x86.ActiveCfg = Debug|Any CPU
		{04A2E17C-06BA-42D9-B719-D33B71D871FA}.Debug|x86.Build.0 = Debug|Any CPU
		{04A2E17C-06BA-42D9-B719-D33B71D871FA}.Experimental|Any CPU.ActiveCfg = Experimental|Any CPU
		{04A2E17C-06BA-42D9-B719-D33B71D871FA}.Experimental|Any CPU.Build.0 = Experimental|Any CPU
		{04A2E17C-06BA-42D9-B719-D33B71D871FA}.Experimental|x64.ActiveCfg = Experimental|Any CPU
		{04A2E17C-06BA-42D9-B719-D33B71D871FA}.Experimental|x64.Build.0 = Experimental|Any CPU
		{04A2E17C-06BA-42D9-B719-D33B71D871FA}.Experimental|x86.ActiveCfg = Experimental|Any CPU
		{04A2E17C-06BA-42D9-B719-D33B71D871FA}.Experimental|x86.Build.0 = Experimental|Any CPU
		{04A2E17C-06BA-42D9-B719-D33B71D871FA}.Preview|Any CPU.ActiveCfg = Preview|Any CPU
		{04A2E17C-06BA-42D9-B719-D33B71D871FA}.Preview|Any CPU.Build.0 = Preview|Any CPU
		{04A2E17C-06BA-42D9-B719-D33B71D871FA}.Preview|x64.ActiveCfg = Preview|Any CPU
		{04A2E17C-06BA-42D9-B719-D33B71D871FA}.Preview|x64.Build.0 = Preview|Any CPU
		{04A2E17C-06BA-42D9-B719-D33B71D871FA}.Preview|x86.ActiveCfg = Preview|Any CPU
		{04A2E17C-06BA-42D9-B719-D33B71D871FA}.Preview|x86.Build.0 = Preview|Any CPU
		{04A2E17C-06BA-42D9-B719-D33B71D871FA}.Release|Any CPU.ActiveCfg = Release|Any CPU
		{04A2E17C-06BA-42D9-B719-D33B71D871FA}.Release|Any CPU.Build.0 = Release|Any CPU
		{04A2E17C-06BA-42D9-B719-D33B71D871FA}.Release|x64.ActiveCfg = Release|Any CPU
		{04A2E17C-06BA-42D9-B719-D33B71D871FA}.Release|x64.Build.0 = Release|Any CPU
		{04A2E17C-06BA-42D9-B719-D33B71D871FA}.Release|x86.ActiveCfg = Release|Any CPU
		{04A2E17C-06BA-42D9-B719-D33B71D871FA}.Release|x86.Build.0 = Release|Any CPU
		{C211EDA9-1946-4DEB-9B05-82DD21B08AC9}.Alpha|Any CPU.ActiveCfg = Alpha|Any CPU
		{C211EDA9-1946-4DEB-9B05-82DD21B08AC9}.Alpha|Any CPU.Build.0 = Alpha|Any CPU
		{C211EDA9-1946-4DEB-9B05-82DD21B08AC9}.Alpha|x64.ActiveCfg = Alpha|Any CPU
		{C211EDA9-1946-4DEB-9B05-82DD21B08AC9}.Alpha|x64.Build.0 = Alpha|Any CPU
		{C211EDA9-1946-4DEB-9B05-82DD21B08AC9}.Alpha|x86.ActiveCfg = Alpha|Any CPU
		{C211EDA9-1946-4DEB-9B05-82DD21B08AC9}.Alpha|x86.Build.0 = Alpha|Any CPU
		{C211EDA9-1946-4DEB-9B05-82DD21B08AC9}.Beta|Any CPU.ActiveCfg = Beta|Any CPU
		{C211EDA9-1946-4DEB-9B05-82DD21B08AC9}.Beta|Any CPU.Build.0 = Beta|Any CPU
		{C211EDA9-1946-4DEB-9B05-82DD21B08AC9}.Beta|x64.ActiveCfg = Beta|Any CPU
		{C211EDA9-1946-4DEB-9B05-82DD21B08AC9}.Beta|x64.Build.0 = Beta|Any CPU
		{C211EDA9-1946-4DEB-9B05-82DD21B08AC9}.Beta|x86.ActiveCfg = Beta|Any CPU
		{C211EDA9-1946-4DEB-9B05-82DD21B08AC9}.Beta|x86.Build.0 = Beta|Any CPU
		{C211EDA9-1946-4DEB-9B05-82DD21B08AC9}.Debug|Any CPU.ActiveCfg = Debug|Any CPU
		{C211EDA9-1946-4DEB-9B05-82DD21B08AC9}.Debug|Any CPU.Build.0 = Debug|Any CPU
		{C211EDA9-1946-4DEB-9B05-82DD21B08AC9}.Debug|x64.ActiveCfg = Debug|Any CPU
		{C211EDA9-1946-4DEB-9B05-82DD21B08AC9}.Debug|x64.Build.0 = Debug|Any CPU
		{C211EDA9-1946-4DEB-9B05-82DD21B08AC9}.Debug|x86.ActiveCfg = Debug|Any CPU
		{C211EDA9-1946-4DEB-9B05-82DD21B08AC9}.Debug|x86.Build.0 = Debug|Any CPU
		{C211EDA9-1946-4DEB-9B05-82DD21B08AC9}.Experimental|Any CPU.ActiveCfg = Experimental|Any CPU
		{C211EDA9-1946-4DEB-9B05-82DD21B08AC9}.Experimental|Any CPU.Build.0 = Experimental|Any CPU
		{C211EDA9-1946-4DEB-9B05-82DD21B08AC9}.Experimental|x64.ActiveCfg = Experimental|Any CPU
		{C211EDA9-1946-4DEB-9B05-82DD21B08AC9}.Experimental|x64.Build.0 = Experimental|Any CPU
		{C211EDA9-1946-4DEB-9B05-82DD21B08AC9}.Experimental|x86.ActiveCfg = Experimental|Any CPU
		{C211EDA9-1946-4DEB-9B05-82DD21B08AC9}.Experimental|x86.Build.0 = Experimental|Any CPU
		{C211EDA9-1946-4DEB-9B05-82DD21B08AC9}.Preview|Any CPU.ActiveCfg = Preview|Any CPU
		{C211EDA9-1946-4DEB-9B05-82DD21B08AC9}.Preview|Any CPU.Build.0 = Preview|Any CPU
		{C211EDA9-1946-4DEB-9B05-82DD21B08AC9}.Preview|x64.ActiveCfg = Preview|Any CPU
		{C211EDA9-1946-4DEB-9B05-82DD21B08AC9}.Preview|x64.Build.0 = Preview|Any CPU
		{C211EDA9-1946-4DEB-9B05-82DD21B08AC9}.Preview|x86.ActiveCfg = Preview|Any CPU
		{C211EDA9-1946-4DEB-9B05-82DD21B08AC9}.Preview|x86.Build.0 = Preview|Any CPU
		{C211EDA9-1946-4DEB-9B05-82DD21B08AC9}.Release|Any CPU.ActiveCfg = Release|Any CPU
		{C211EDA9-1946-4DEB-9B05-82DD21B08AC9}.Release|Any CPU.Build.0 = Release|Any CPU
		{C211EDA9-1946-4DEB-9B05-82DD21B08AC9}.Release|x64.ActiveCfg = Release|Any CPU
		{C211EDA9-1946-4DEB-9B05-82DD21B08AC9}.Release|x64.Build.0 = Release|Any CPU
		{C211EDA9-1946-4DEB-9B05-82DD21B08AC9}.Release|x86.ActiveCfg = Release|Any CPU
		{C211EDA9-1946-4DEB-9B05-82DD21B08AC9}.Release|x86.Build.0 = Release|Any CPU
		{E87FE1B3-2434-471A-9594-783A1011B7D9}.Alpha|Any CPU.ActiveCfg = Alpha|Any CPU
		{E87FE1B3-2434-471A-9594-783A1011B7D9}.Alpha|Any CPU.Build.0 = Alpha|Any CPU
		{E87FE1B3-2434-471A-9594-783A1011B7D9}.Alpha|x64.ActiveCfg = Alpha|Any CPU
		{E87FE1B3-2434-471A-9594-783A1011B7D9}.Alpha|x64.Build.0 = Alpha|Any CPU
		{E87FE1B3-2434-471A-9594-783A1011B7D9}.Alpha|x86.ActiveCfg = Alpha|Any CPU
		{E87FE1B3-2434-471A-9594-783A1011B7D9}.Alpha|x86.Build.0 = Alpha|Any CPU
		{E87FE1B3-2434-471A-9594-783A1011B7D9}.Beta|Any CPU.ActiveCfg = Beta|Any CPU
		{E87FE1B3-2434-471A-9594-783A1011B7D9}.Beta|Any CPU.Build.0 = Beta|Any CPU
		{E87FE1B3-2434-471A-9594-783A1011B7D9}.Beta|x64.ActiveCfg = Beta|Any CPU
		{E87FE1B3-2434-471A-9594-783A1011B7D9}.Beta|x64.Build.0 = Beta|Any CPU
		{E87FE1B3-2434-471A-9594-783A1011B7D9}.Beta|x86.ActiveCfg = Beta|Any CPU
		{E87FE1B3-2434-471A-9594-783A1011B7D9}.Beta|x86.Build.0 = Beta|Any CPU
		{E87FE1B3-2434-471A-9594-783A1011B7D9}.Debug|Any CPU.ActiveCfg = Debug|Any CPU
		{E87FE1B3-2434-471A-9594-783A1011B7D9}.Debug|Any CPU.Build.0 = Debug|Any CPU
		{E87FE1B3-2434-471A-9594-783A1011B7D9}.Debug|x64.ActiveCfg = Debug|Any CPU
		{E87FE1B3-2434-471A-9594-783A1011B7D9}.Debug|x64.Build.0 = Debug|Any CPU
		{E87FE1B3-2434-471A-9594-783A1011B7D9}.Debug|x86.ActiveCfg = Debug|Any CPU
		{E87FE1B3-2434-471A-9594-783A1011B7D9}.Debug|x86.Build.0 = Debug|Any CPU
		{E87FE1B3-2434-471A-9594-783A1011B7D9}.Experimental|Any CPU.ActiveCfg = Experimental|Any CPU
		{E87FE1B3-2434-471A-9594-783A1011B7D9}.Experimental|Any CPU.Build.0 = Experimental|Any CPU
		{E87FE1B3-2434-471A-9594-783A1011B7D9}.Experimental|x64.ActiveCfg = Experimental|Any CPU
		{E87FE1B3-2434-471A-9594-783A1011B7D9}.Experimental|x64.Build.0 = Experimental|Any CPU
		{E87FE1B3-2434-471A-9594-783A1011B7D9}.Experimental|x86.ActiveCfg = Experimental|Any CPU
		{E87FE1B3-2434-471A-9594-783A1011B7D9}.Experimental|x86.Build.0 = Experimental|Any CPU
		{E87FE1B3-2434-471A-9594-783A1011B7D9}.Preview|Any CPU.ActiveCfg = Preview|Any CPU
		{E87FE1B3-2434-471A-9594-783A1011B7D9}.Preview|Any CPU.Build.0 = Preview|Any CPU
		{E87FE1B3-2434-471A-9594-783A1011B7D9}.Preview|x64.ActiveCfg = Preview|Any CPU
		{E87FE1B3-2434-471A-9594-783A1011B7D9}.Preview|x64.Build.0 = Preview|Any CPU
		{E87FE1B3-2434-471A-9594-783A1011B7D9}.Preview|x86.ActiveCfg = Preview|Any CPU
		{E87FE1B3-2434-471A-9594-783A1011B7D9}.Preview|x86.Build.0 = Preview|Any CPU
		{E87FE1B3-2434-471A-9594-783A1011B7D9}.Release|Any CPU.ActiveCfg = Release|Any CPU
		{E87FE1B3-2434-471A-9594-783A1011B7D9}.Release|Any CPU.Build.0 = Release|Any CPU
		{E87FE1B3-2434-471A-9594-783A1011B7D9}.Release|x64.ActiveCfg = Release|Any CPU
		{E87FE1B3-2434-471A-9594-783A1011B7D9}.Release|x64.Build.0 = Release|Any CPU
		{E87FE1B3-2434-471A-9594-783A1011B7D9}.Release|x86.ActiveCfg = Release|Any CPU
		{E87FE1B3-2434-471A-9594-783A1011B7D9}.Release|x86.Build.0 = Release|Any CPU
		{C88B9C2F-B25B-4578-93EF-4FE3A46148F8}.Alpha|Any CPU.ActiveCfg = Alpha|Any CPU
		{C88B9C2F-B25B-4578-93EF-4FE3A46148F8}.Alpha|Any CPU.Build.0 = Alpha|Any CPU
		{C88B9C2F-B25B-4578-93EF-4FE3A46148F8}.Alpha|x64.ActiveCfg = Alpha|Any CPU
		{C88B9C2F-B25B-4578-93EF-4FE3A46148F8}.Alpha|x64.Build.0 = Alpha|Any CPU
		{C88B9C2F-B25B-4578-93EF-4FE3A46148F8}.Alpha|x86.ActiveCfg = Alpha|Any CPU
		{C88B9C2F-B25B-4578-93EF-4FE3A46148F8}.Alpha|x86.Build.0 = Alpha|Any CPU
		{C88B9C2F-B25B-4578-93EF-4FE3A46148F8}.Beta|Any CPU.ActiveCfg = Beta|Any CPU
		{C88B9C2F-B25B-4578-93EF-4FE3A46148F8}.Beta|Any CPU.Build.0 = Beta|Any CPU
		{C88B9C2F-B25B-4578-93EF-4FE3A46148F8}.Beta|x64.ActiveCfg = Beta|Any CPU
		{C88B9C2F-B25B-4578-93EF-4FE3A46148F8}.Beta|x64.Build.0 = Beta|Any CPU
		{C88B9C2F-B25B-4578-93EF-4FE3A46148F8}.Beta|x86.ActiveCfg = Beta|Any CPU
		{C88B9C2F-B25B-4578-93EF-4FE3A46148F8}.Beta|x86.Build.0 = Beta|Any CPU
		{C88B9C2F-B25B-4578-93EF-4FE3A46148F8}.Debug|Any CPU.ActiveCfg = Debug|Any CPU
		{C88B9C2F-B25B-4578-93EF-4FE3A46148F8}.Debug|Any CPU.Build.0 = Debug|Any CPU
		{C88B9C2F-B25B-4578-93EF-4FE3A46148F8}.Debug|x64.ActiveCfg = Debug|Any CPU
		{C88B9C2F-B25B-4578-93EF-4FE3A46148F8}.Debug|x64.Build.0 = Debug|Any CPU
		{C88B9C2F-B25B-4578-93EF-4FE3A46148F8}.Debug|x86.ActiveCfg = Debug|Any CPU
		{C88B9C2F-B25B-4578-93EF-4FE3A46148F8}.Debug|x86.Build.0 = Debug|Any CPU
		{C88B9C2F-B25B-4578-93EF-4FE3A46148F8}.Experimental|Any CPU.ActiveCfg = Experimental|Any CPU
		{C88B9C2F-B25B-4578-93EF-4FE3A46148F8}.Experimental|Any CPU.Build.0 = Experimental|Any CPU
		{C88B9C2F-B25B-4578-93EF-4FE3A46148F8}.Experimental|x64.ActiveCfg = Experimental|Any CPU
		{C88B9C2F-B25B-4578-93EF-4FE3A46148F8}.Experimental|x64.Build.0 = Experimental|Any CPU
		{C88B9C2F-B25B-4578-93EF-4FE3A46148F8}.Experimental|x86.ActiveCfg = Experimental|Any CPU
		{C88B9C2F-B25B-4578-93EF-4FE3A46148F8}.Experimental|x86.Build.0 = Experimental|Any CPU
		{C88B9C2F-B25B-4578-93EF-4FE3A46148F8}.Preview|Any CPU.ActiveCfg = Preview|Any CPU
		{C88B9C2F-B25B-4578-93EF-4FE3A46148F8}.Preview|Any CPU.Build.0 = Preview|Any CPU
		{C88B9C2F-B25B-4578-93EF-4FE3A46148F8}.Preview|x64.ActiveCfg = Preview|Any CPU
		{C88B9C2F-B25B-4578-93EF-4FE3A46148F8}.Preview|x64.Build.0 = Preview|Any CPU
		{C88B9C2F-B25B-4578-93EF-4FE3A46148F8}.Preview|x86.ActiveCfg = Preview|Any CPU
		{C88B9C2F-B25B-4578-93EF-4FE3A46148F8}.Preview|x86.Build.0 = Preview|Any CPU
		{C88B9C2F-B25B-4578-93EF-4FE3A46148F8}.Release|Any CPU.ActiveCfg = Release|Any CPU
		{C88B9C2F-B25B-4578-93EF-4FE3A46148F8}.Release|Any CPU.Build.0 = Release|Any CPU
		{C88B9C2F-B25B-4578-93EF-4FE3A46148F8}.Release|x64.ActiveCfg = Release|Any CPU
		{C88B9C2F-B25B-4578-93EF-4FE3A46148F8}.Release|x64.Build.0 = Release|Any CPU
		{C88B9C2F-B25B-4578-93EF-4FE3A46148F8}.Release|x86.ActiveCfg = Release|Any CPU
		{C88B9C2F-B25B-4578-93EF-4FE3A46148F8}.Release|x86.Build.0 = Release|Any CPU
		{9C45F25A-1FC8-484C-BCB5-7AF60C23EC25}.Alpha|Any CPU.ActiveCfg = Alpha|Any CPU
		{9C45F25A-1FC8-484C-BCB5-7AF60C23EC25}.Alpha|Any CPU.Build.0 = Alpha|Any CPU
		{9C45F25A-1FC8-484C-BCB5-7AF60C23EC25}.Alpha|x64.ActiveCfg = Alpha|Any CPU
		{9C45F25A-1FC8-484C-BCB5-7AF60C23EC25}.Alpha|x64.Build.0 = Alpha|Any CPU
		{9C45F25A-1FC8-484C-BCB5-7AF60C23EC25}.Alpha|x86.ActiveCfg = Alpha|Any CPU
		{9C45F25A-1FC8-484C-BCB5-7AF60C23EC25}.Alpha|x86.Build.0 = Alpha|Any CPU
		{9C45F25A-1FC8-484C-BCB5-7AF60C23EC25}.Beta|Any CPU.ActiveCfg = Beta|Any CPU
		{9C45F25A-1FC8-484C-BCB5-7AF60C23EC25}.Beta|Any CPU.Build.0 = Beta|Any CPU
		{9C45F25A-1FC8-484C-BCB5-7AF60C23EC25}.Beta|x64.ActiveCfg = Beta|Any CPU
		{9C45F25A-1FC8-484C-BCB5-7AF60C23EC25}.Beta|x64.Build.0 = Beta|Any CPU
		{9C45F25A-1FC8-484C-BCB5-7AF60C23EC25}.Beta|x86.ActiveCfg = Beta|Any CPU
		{9C45F25A-1FC8-484C-BCB5-7AF60C23EC25}.Beta|x86.Build.0 = Beta|Any CPU
		{9C45F25A-1FC8-484C-BCB5-7AF60C23EC25}.Debug|Any CPU.ActiveCfg = Debug|Any CPU
		{9C45F25A-1FC8-484C-BCB5-7AF60C23EC25}.Debug|Any CPU.Build.0 = Debug|Any CPU
		{9C45F25A-1FC8-484C-BCB5-7AF60C23EC25}.Debug|x64.ActiveCfg = Debug|Any CPU
		{9C45F25A-1FC8-484C-BCB5-7AF60C23EC25}.Debug|x64.Build.0 = Debug|Any CPU
		{9C45F25A-1FC8-484C-BCB5-7AF60C23EC25}.Debug|x86.ActiveCfg = Debug|Any CPU
		{9C45F25A-1FC8-484C-BCB5-7AF60C23EC25}.Debug|x86.Build.0 = Debug|Any CPU
		{9C45F25A-1FC8-484C-BCB5-7AF60C23EC25}.Experimental|Any CPU.ActiveCfg = Experimental|Any CPU
		{9C45F25A-1FC8-484C-BCB5-7AF60C23EC25}.Experimental|Any CPU.Build.0 = Experimental|Any CPU
		{9C45F25A-1FC8-484C-BCB5-7AF60C23EC25}.Experimental|x64.ActiveCfg = Experimental|Any CPU
		{9C45F25A-1FC8-484C-BCB5-7AF60C23EC25}.Experimental|x64.Build.0 = Experimental|Any CPU
		{9C45F25A-1FC8-484C-BCB5-7AF60C23EC25}.Experimental|x86.ActiveCfg = Experimental|Any CPU
		{9C45F25A-1FC8-484C-BCB5-7AF60C23EC25}.Experimental|x86.Build.0 = Experimental|Any CPU
		{9C45F25A-1FC8-484C-BCB5-7AF60C23EC25}.Preview|Any CPU.ActiveCfg = Preview|Any CPU
		{9C45F25A-1FC8-484C-BCB5-7AF60C23EC25}.Preview|Any CPU.Build.0 = Preview|Any CPU
		{9C45F25A-1FC8-484C-BCB5-7AF60C23EC25}.Preview|x64.ActiveCfg = Preview|Any CPU
		{9C45F25A-1FC8-484C-BCB5-7AF60C23EC25}.Preview|x64.Build.0 = Preview|Any CPU
		{9C45F25A-1FC8-484C-BCB5-7AF60C23EC25}.Preview|x86.ActiveCfg = Preview|Any CPU
		{9C45F25A-1FC8-484C-BCB5-7AF60C23EC25}.Preview|x86.Build.0 = Preview|Any CPU
		{9C45F25A-1FC8-484C-BCB5-7AF60C23EC25}.Release|Any CPU.ActiveCfg = Release|Any CPU
		{9C45F25A-1FC8-484C-BCB5-7AF60C23EC25}.Release|Any CPU.Build.0 = Release|Any CPU
		{9C45F25A-1FC8-484C-BCB5-7AF60C23EC25}.Release|x64.ActiveCfg = Release|Any CPU
		{9C45F25A-1FC8-484C-BCB5-7AF60C23EC25}.Release|x64.Build.0 = Release|Any CPU
		{9C45F25A-1FC8-484C-BCB5-7AF60C23EC25}.Release|x86.ActiveCfg = Release|Any CPU
		{9C45F25A-1FC8-484C-BCB5-7AF60C23EC25}.Release|x86.Build.0 = Release|Any CPU
		{CF9E8512-3306-4CEA-BEAF-426BCD373A5C}.Alpha|Any CPU.ActiveCfg = Alpha|Any CPU
		{CF9E8512-3306-4CEA-BEAF-426BCD373A5C}.Alpha|Any CPU.Build.0 = Alpha|Any CPU
		{CF9E8512-3306-4CEA-BEAF-426BCD373A5C}.Alpha|x64.ActiveCfg = Alpha|Any CPU
		{CF9E8512-3306-4CEA-BEAF-426BCD373A5C}.Alpha|x64.Build.0 = Alpha|Any CPU
		{CF9E8512-3306-4CEA-BEAF-426BCD373A5C}.Alpha|x86.ActiveCfg = Alpha|Any CPU
		{CF9E8512-3306-4CEA-BEAF-426BCD373A5C}.Alpha|x86.Build.0 = Alpha|Any CPU
		{CF9E8512-3306-4CEA-BEAF-426BCD373A5C}.Beta|Any CPU.ActiveCfg = Beta|Any CPU
		{CF9E8512-3306-4CEA-BEAF-426BCD373A5C}.Beta|Any CPU.Build.0 = Beta|Any CPU
		{CF9E8512-3306-4CEA-BEAF-426BCD373A5C}.Beta|x64.ActiveCfg = Beta|Any CPU
		{CF9E8512-3306-4CEA-BEAF-426BCD373A5C}.Beta|x64.Build.0 = Beta|Any CPU
		{CF9E8512-3306-4CEA-BEAF-426BCD373A5C}.Beta|x86.ActiveCfg = Beta|Any CPU
		{CF9E8512-3306-4CEA-BEAF-426BCD373A5C}.Beta|x86.Build.0 = Beta|Any CPU
		{CF9E8512-3306-4CEA-BEAF-426BCD373A5C}.Debug|Any CPU.ActiveCfg = Debug|Any CPU
		{CF9E8512-3306-4CEA-BEAF-426BCD373A5C}.Debug|Any CPU.Build.0 = Debug|Any CPU
		{CF9E8512-3306-4CEA-BEAF-426BCD373A5C}.Debug|x64.ActiveCfg = Debug|Any CPU
		{CF9E8512-3306-4CEA-BEAF-426BCD373A5C}.Debug|x64.Build.0 = Debug|Any CPU
		{CF9E8512-3306-4CEA-BEAF-426BCD373A5C}.Debug|x86.ActiveCfg = Debug|Any CPU
		{CF9E8512-3306-4CEA-BEAF-426BCD373A5C}.Debug|x86.Build.0 = Debug|Any CPU
		{CF9E8512-3306-4CEA-BEAF-426BCD373A5C}.Experimental|Any CPU.ActiveCfg = Experimental|Any CPU
		{CF9E8512-3306-4CEA-BEAF-426BCD373A5C}.Experimental|Any CPU.Build.0 = Experimental|Any CPU
		{CF9E8512-3306-4CEA-BEAF-426BCD373A5C}.Experimental|x64.ActiveCfg = Experimental|Any CPU
		{CF9E8512-3306-4CEA-BEAF-426BCD373A5C}.Experimental|x64.Build.0 = Experimental|Any CPU
		{CF9E8512-3306-4CEA-BEAF-426BCD373A5C}.Experimental|x86.ActiveCfg = Experimental|Any CPU
		{CF9E8512-3306-4CEA-BEAF-426BCD373A5C}.Experimental|x86.Build.0 = Experimental|Any CPU
		{CF9E8512-3306-4CEA-BEAF-426BCD373A5C}.Preview|Any CPU.ActiveCfg = Preview|Any CPU
		{CF9E8512-3306-4CEA-BEAF-426BCD373A5C}.Preview|Any CPU.Build.0 = Preview|Any CPU
		{CF9E8512-3306-4CEA-BEAF-426BCD373A5C}.Preview|x64.ActiveCfg = Preview|Any CPU
		{CF9E8512-3306-4CEA-BEAF-426BCD373A5C}.Preview|x64.Build.0 = Preview|Any CPU
		{CF9E8512-3306-4CEA-BEAF-426BCD373A5C}.Preview|x86.ActiveCfg = Preview|Any CPU
		{CF9E8512-3306-4CEA-BEAF-426BCD373A5C}.Preview|x86.Build.0 = Preview|Any CPU
		{CF9E8512-3306-4CEA-BEAF-426BCD373A5C}.Release|Any CPU.ActiveCfg = Release|Any CPU
		{CF9E8512-3306-4CEA-BEAF-426BCD373A5C}.Release|Any CPU.Build.0 = Release|Any CPU
		{CF9E8512-3306-4CEA-BEAF-426BCD373A5C}.Release|x64.ActiveCfg = Release|Any CPU
		{CF9E8512-3306-4CEA-BEAF-426BCD373A5C}.Release|x64.Build.0 = Release|Any CPU
		{CF9E8512-3306-4CEA-BEAF-426BCD373A5C}.Release|x86.ActiveCfg = Release|Any CPU
		{CF9E8512-3306-4CEA-BEAF-426BCD373A5C}.Release|x86.Build.0 = Release|Any CPU
		{C2B46ED7-6AE1-4289-BCE2-F3BEA26AAF99}.Alpha|Any CPU.ActiveCfg = Debug|Any CPU
		{C2B46ED7-6AE1-4289-BCE2-F3BEA26AAF99}.Alpha|Any CPU.Build.0 = Debug|Any CPU
		{C2B46ED7-6AE1-4289-BCE2-F3BEA26AAF99}.Alpha|x64.ActiveCfg = Debug|Any CPU
		{C2B46ED7-6AE1-4289-BCE2-F3BEA26AAF99}.Alpha|x64.Build.0 = Debug|Any CPU
		{C2B46ED7-6AE1-4289-BCE2-F3BEA26AAF99}.Alpha|x86.ActiveCfg = Debug|Any CPU
		{C2B46ED7-6AE1-4289-BCE2-F3BEA26AAF99}.Alpha|x86.Build.0 = Debug|Any CPU
		{C2B46ED7-6AE1-4289-BCE2-F3BEA26AAF99}.Beta|Any CPU.ActiveCfg = Debug|Any CPU
		{C2B46ED7-6AE1-4289-BCE2-F3BEA26AAF99}.Beta|Any CPU.Build.0 = Debug|Any CPU
		{C2B46ED7-6AE1-4289-BCE2-F3BEA26AAF99}.Beta|x64.ActiveCfg = Debug|Any CPU
		{C2B46ED7-6AE1-4289-BCE2-F3BEA26AAF99}.Beta|x64.Build.0 = Debug|Any CPU
		{C2B46ED7-6AE1-4289-BCE2-F3BEA26AAF99}.Beta|x86.ActiveCfg = Debug|Any CPU
		{C2B46ED7-6AE1-4289-BCE2-F3BEA26AAF99}.Beta|x86.Build.0 = Debug|Any CPU
		{C2B46ED7-6AE1-4289-BCE2-F3BEA26AAF99}.Debug|Any CPU.ActiveCfg = Debug|Any CPU
		{C2B46ED7-6AE1-4289-BCE2-F3BEA26AAF99}.Debug|Any CPU.Build.0 = Debug|Any CPU
		{C2B46ED7-6AE1-4289-BCE2-F3BEA26AAF99}.Debug|x64.ActiveCfg = Debug|Any CPU
		{C2B46ED7-6AE1-4289-BCE2-F3BEA26AAF99}.Debug|x64.Build.0 = Debug|Any CPU
		{C2B46ED7-6AE1-4289-BCE2-F3BEA26AAF99}.Debug|x86.ActiveCfg = Debug|Any CPU
		{C2B46ED7-6AE1-4289-BCE2-F3BEA26AAF99}.Debug|x86.Build.0 = Debug|Any CPU
		{C2B46ED7-6AE1-4289-BCE2-F3BEA26AAF99}.Experimental|Any CPU.ActiveCfg = Debug|Any CPU
		{C2B46ED7-6AE1-4289-BCE2-F3BEA26AAF99}.Experimental|Any CPU.Build.0 = Debug|Any CPU
		{C2B46ED7-6AE1-4289-BCE2-F3BEA26AAF99}.Experimental|x64.ActiveCfg = Debug|Any CPU
		{C2B46ED7-6AE1-4289-BCE2-F3BEA26AAF99}.Experimental|x64.Build.0 = Debug|Any CPU
		{C2B46ED7-6AE1-4289-BCE2-F3BEA26AAF99}.Experimental|x86.ActiveCfg = Debug|Any CPU
		{C2B46ED7-6AE1-4289-BCE2-F3BEA26AAF99}.Experimental|x86.Build.0 = Debug|Any CPU
		{C2B46ED7-6AE1-4289-BCE2-F3BEA26AAF99}.Preview|Any CPU.ActiveCfg = Debug|Any CPU
		{C2B46ED7-6AE1-4289-BCE2-F3BEA26AAF99}.Preview|Any CPU.Build.0 = Debug|Any CPU
		{C2B46ED7-6AE1-4289-BCE2-F3BEA26AAF99}.Preview|x64.ActiveCfg = Debug|Any CPU
		{C2B46ED7-6AE1-4289-BCE2-F3BEA26AAF99}.Preview|x64.Build.0 = Debug|Any CPU
		{C2B46ED7-6AE1-4289-BCE2-F3BEA26AAF99}.Preview|x86.ActiveCfg = Debug|Any CPU
		{C2B46ED7-6AE1-4289-BCE2-F3BEA26AAF99}.Preview|x86.Build.0 = Debug|Any CPU
		{C2B46ED7-6AE1-4289-BCE2-F3BEA26AAF99}.Release|Any CPU.ActiveCfg = Release|Any CPU
		{C2B46ED7-6AE1-4289-BCE2-F3BEA26AAF99}.Release|Any CPU.Build.0 = Release|Any CPU
		{C2B46ED7-6AE1-4289-BCE2-F3BEA26AAF99}.Release|x64.ActiveCfg = Release|Any CPU
		{C2B46ED7-6AE1-4289-BCE2-F3BEA26AAF99}.Release|x64.Build.0 = Release|Any CPU
		{C2B46ED7-6AE1-4289-BCE2-F3BEA26AAF99}.Release|x86.ActiveCfg = Release|Any CPU
		{C2B46ED7-6AE1-4289-BCE2-F3BEA26AAF99}.Release|x86.Build.0 = Release|Any CPU
		{AE49468D-5047-4B82-836A-DD3829C7F9AA}.Alpha|Any CPU.ActiveCfg = Debug|Any CPU
		{AE49468D-5047-4B82-836A-DD3829C7F9AA}.Alpha|Any CPU.Build.0 = Debug|Any CPU
		{AE49468D-5047-4B82-836A-DD3829C7F9AA}.Alpha|x64.ActiveCfg = Debug|Any CPU
		{AE49468D-5047-4B82-836A-DD3829C7F9AA}.Alpha|x64.Build.0 = Debug|Any CPU
		{AE49468D-5047-4B82-836A-DD3829C7F9AA}.Alpha|x86.ActiveCfg = Debug|Any CPU
		{AE49468D-5047-4B82-836A-DD3829C7F9AA}.Alpha|x86.Build.0 = Debug|Any CPU
		{AE49468D-5047-4B82-836A-DD3829C7F9AA}.Beta|Any CPU.ActiveCfg = Debug|Any CPU
		{AE49468D-5047-4B82-836A-DD3829C7F9AA}.Beta|Any CPU.Build.0 = Debug|Any CPU
		{AE49468D-5047-4B82-836A-DD3829C7F9AA}.Beta|x64.ActiveCfg = Debug|Any CPU
		{AE49468D-5047-4B82-836A-DD3829C7F9AA}.Beta|x64.Build.0 = Debug|Any CPU
		{AE49468D-5047-4B82-836A-DD3829C7F9AA}.Beta|x86.ActiveCfg = Debug|Any CPU
		{AE49468D-5047-4B82-836A-DD3829C7F9AA}.Beta|x86.Build.0 = Debug|Any CPU
		{AE49468D-5047-4B82-836A-DD3829C7F9AA}.Debug|Any CPU.ActiveCfg = Debug|Any CPU
		{AE49468D-5047-4B82-836A-DD3829C7F9AA}.Debug|Any CPU.Build.0 = Debug|Any CPU
		{AE49468D-5047-4B82-836A-DD3829C7F9AA}.Debug|x64.ActiveCfg = Debug|Any CPU
		{AE49468D-5047-4B82-836A-DD3829C7F9AA}.Debug|x64.Build.0 = Debug|Any CPU
		{AE49468D-5047-4B82-836A-DD3829C7F9AA}.Debug|x86.ActiveCfg = Debug|Any CPU
		{AE49468D-5047-4B82-836A-DD3829C7F9AA}.Debug|x86.Build.0 = Debug|Any CPU
		{AE49468D-5047-4B82-836A-DD3829C7F9AA}.Experimental|Any CPU.ActiveCfg = Debug|Any CPU
		{AE49468D-5047-4B82-836A-DD3829C7F9AA}.Experimental|Any CPU.Build.0 = Debug|Any CPU
		{AE49468D-5047-4B82-836A-DD3829C7F9AA}.Experimental|x64.ActiveCfg = Debug|Any CPU
		{AE49468D-5047-4B82-836A-DD3829C7F9AA}.Experimental|x64.Build.0 = Debug|Any CPU
		{AE49468D-5047-4B82-836A-DD3829C7F9AA}.Experimental|x86.ActiveCfg = Debug|Any CPU
		{AE49468D-5047-4B82-836A-DD3829C7F9AA}.Experimental|x86.Build.0 = Debug|Any CPU
		{AE49468D-5047-4B82-836A-DD3829C7F9AA}.Preview|Any CPU.ActiveCfg = Debug|Any CPU
		{AE49468D-5047-4B82-836A-DD3829C7F9AA}.Preview|Any CPU.Build.0 = Debug|Any CPU
		{AE49468D-5047-4B82-836A-DD3829C7F9AA}.Preview|x64.ActiveCfg = Debug|Any CPU
		{AE49468D-5047-4B82-836A-DD3829C7F9AA}.Preview|x64.Build.0 = Debug|Any CPU
		{AE49468D-5047-4B82-836A-DD3829C7F9AA}.Preview|x86.ActiveCfg = Debug|Any CPU
		{AE49468D-5047-4B82-836A-DD3829C7F9AA}.Preview|x86.Build.0 = Debug|Any CPU
		{AE49468D-5047-4B82-836A-DD3829C7F9AA}.Release|Any CPU.ActiveCfg = Release|Any CPU
		{AE49468D-5047-4B82-836A-DD3829C7F9AA}.Release|Any CPU.Build.0 = Release|Any CPU
		{AE49468D-5047-4B82-836A-DD3829C7F9AA}.Release|x64.ActiveCfg = Release|Any CPU
		{AE49468D-5047-4B82-836A-DD3829C7F9AA}.Release|x64.Build.0 = Release|Any CPU
		{AE49468D-5047-4B82-836A-DD3829C7F9AA}.Release|x86.ActiveCfg = Release|Any CPU
		{AE49468D-5047-4B82-836A-DD3829C7F9AA}.Release|x86.Build.0 = Release|Any CPU
		{EECC876E-69A0-4FB1-88CF-7BA042A796E4}.Alpha|Any CPU.ActiveCfg = Debug|Any CPU
		{EECC876E-69A0-4FB1-88CF-7BA042A796E4}.Alpha|Any CPU.Build.0 = Debug|Any CPU
		{EECC876E-69A0-4FB1-88CF-7BA042A796E4}.Alpha|x64.ActiveCfg = Debug|Any CPU
		{EECC876E-69A0-4FB1-88CF-7BA042A796E4}.Alpha|x64.Build.0 = Debug|Any CPU
		{EECC876E-69A0-4FB1-88CF-7BA042A796E4}.Alpha|x86.ActiveCfg = Debug|Any CPU
		{EECC876E-69A0-4FB1-88CF-7BA042A796E4}.Alpha|x86.Build.0 = Debug|Any CPU
		{EECC876E-69A0-4FB1-88CF-7BA042A796E4}.Beta|Any CPU.ActiveCfg = Debug|Any CPU
		{EECC876E-69A0-4FB1-88CF-7BA042A796E4}.Beta|Any CPU.Build.0 = Debug|Any CPU
		{EECC876E-69A0-4FB1-88CF-7BA042A796E4}.Beta|x64.ActiveCfg = Debug|Any CPU
		{EECC876E-69A0-4FB1-88CF-7BA042A796E4}.Beta|x64.Build.0 = Debug|Any CPU
		{EECC876E-69A0-4FB1-88CF-7BA042A796E4}.Beta|x86.ActiveCfg = Debug|Any CPU
		{EECC876E-69A0-4FB1-88CF-7BA042A796E4}.Beta|x86.Build.0 = Debug|Any CPU
		{EECC876E-69A0-4FB1-88CF-7BA042A796E4}.Debug|Any CPU.ActiveCfg = Debug|Any CPU
		{EECC876E-69A0-4FB1-88CF-7BA042A796E4}.Debug|Any CPU.Build.0 = Debug|Any CPU
		{EECC876E-69A0-4FB1-88CF-7BA042A796E4}.Debug|x64.ActiveCfg = Debug|Any CPU
		{EECC876E-69A0-4FB1-88CF-7BA042A796E4}.Debug|x64.Build.0 = Debug|Any CPU
		{EECC876E-69A0-4FB1-88CF-7BA042A796E4}.Debug|x86.ActiveCfg = Debug|Any CPU
		{EECC876E-69A0-4FB1-88CF-7BA042A796E4}.Debug|x86.Build.0 = Debug|Any CPU
		{EECC876E-69A0-4FB1-88CF-7BA042A796E4}.Experimental|Any CPU.ActiveCfg = Debug|Any CPU
		{EECC876E-69A0-4FB1-88CF-7BA042A796E4}.Experimental|Any CPU.Build.0 = Debug|Any CPU
		{EECC876E-69A0-4FB1-88CF-7BA042A796E4}.Experimental|x64.ActiveCfg = Debug|Any CPU
		{EECC876E-69A0-4FB1-88CF-7BA042A796E4}.Experimental|x64.Build.0 = Debug|Any CPU
		{EECC876E-69A0-4FB1-88CF-7BA042A796E4}.Experimental|x86.ActiveCfg = Debug|Any CPU
		{EECC876E-69A0-4FB1-88CF-7BA042A796E4}.Experimental|x86.Build.0 = Debug|Any CPU
		{EECC876E-69A0-4FB1-88CF-7BA042A796E4}.Preview|Any CPU.ActiveCfg = Debug|Any CPU
		{EECC876E-69A0-4FB1-88CF-7BA042A796E4}.Preview|Any CPU.Build.0 = Debug|Any CPU
		{EECC876E-69A0-4FB1-88CF-7BA042A796E4}.Preview|x64.ActiveCfg = Debug|Any CPU
		{EECC876E-69A0-4FB1-88CF-7BA042A796E4}.Preview|x64.Build.0 = Debug|Any CPU
		{EECC876E-69A0-4FB1-88CF-7BA042A796E4}.Preview|x86.ActiveCfg = Debug|Any CPU
		{EECC876E-69A0-4FB1-88CF-7BA042A796E4}.Preview|x86.Build.0 = Debug|Any CPU
		{EECC876E-69A0-4FB1-88CF-7BA042A796E4}.Release|Any CPU.ActiveCfg = Release|Any CPU
		{EECC876E-69A0-4FB1-88CF-7BA042A796E4}.Release|Any CPU.Build.0 = Release|Any CPU
		{EECC876E-69A0-4FB1-88CF-7BA042A796E4}.Release|x64.ActiveCfg = Release|Any CPU
		{EECC876E-69A0-4FB1-88CF-7BA042A796E4}.Release|x64.Build.0 = Release|Any CPU
		{EECC876E-69A0-4FB1-88CF-7BA042A796E4}.Release|x86.ActiveCfg = Release|Any CPU
		{EECC876E-69A0-4FB1-88CF-7BA042A796E4}.Release|x86.Build.0 = Release|Any CPU
		{0639A7F8-9C15-434F-9941-A394F628B560}.Alpha|Any CPU.ActiveCfg = Debug|Any CPU
		{0639A7F8-9C15-434F-9941-A394F628B560}.Alpha|Any CPU.Build.0 = Debug|Any CPU
		{0639A7F8-9C15-434F-9941-A394F628B560}.Alpha|x64.ActiveCfg = Debug|Any CPU
		{0639A7F8-9C15-434F-9941-A394F628B560}.Alpha|x64.Build.0 = Debug|Any CPU
		{0639A7F8-9C15-434F-9941-A394F628B560}.Alpha|x86.ActiveCfg = Debug|Any CPU
		{0639A7F8-9C15-434F-9941-A394F628B560}.Alpha|x86.Build.0 = Debug|Any CPU
		{0639A7F8-9C15-434F-9941-A394F628B560}.Beta|Any CPU.ActiveCfg = Debug|Any CPU
		{0639A7F8-9C15-434F-9941-A394F628B560}.Beta|Any CPU.Build.0 = Debug|Any CPU
		{0639A7F8-9C15-434F-9941-A394F628B560}.Beta|x64.ActiveCfg = Debug|Any CPU
		{0639A7F8-9C15-434F-9941-A394F628B560}.Beta|x64.Build.0 = Debug|Any CPU
		{0639A7F8-9C15-434F-9941-A394F628B560}.Beta|x86.ActiveCfg = Debug|Any CPU
		{0639A7F8-9C15-434F-9941-A394F628B560}.Beta|x86.Build.0 = Debug|Any CPU
		{0639A7F8-9C15-434F-9941-A394F628B560}.Debug|Any CPU.ActiveCfg = Debug|Any CPU
		{0639A7F8-9C15-434F-9941-A394F628B560}.Debug|Any CPU.Build.0 = Debug|Any CPU
		{0639A7F8-9C15-434F-9941-A394F628B560}.Debug|x64.ActiveCfg = Debug|Any CPU
		{0639A7F8-9C15-434F-9941-A394F628B560}.Debug|x64.Build.0 = Debug|Any CPU
		{0639A7F8-9C15-434F-9941-A394F628B560}.Debug|x86.ActiveCfg = Debug|Any CPU
		{0639A7F8-9C15-434F-9941-A394F628B560}.Debug|x86.Build.0 = Debug|Any CPU
		{0639A7F8-9C15-434F-9941-A394F628B560}.Experimental|Any CPU.ActiveCfg = Debug|Any CPU
		{0639A7F8-9C15-434F-9941-A394F628B560}.Experimental|Any CPU.Build.0 = Debug|Any CPU
		{0639A7F8-9C15-434F-9941-A394F628B560}.Experimental|x64.ActiveCfg = Debug|Any CPU
		{0639A7F8-9C15-434F-9941-A394F628B560}.Experimental|x64.Build.0 = Debug|Any CPU
		{0639A7F8-9C15-434F-9941-A394F628B560}.Experimental|x86.ActiveCfg = Debug|Any CPU
		{0639A7F8-9C15-434F-9941-A394F628B560}.Experimental|x86.Build.0 = Debug|Any CPU
		{0639A7F8-9C15-434F-9941-A394F628B560}.Preview|Any CPU.ActiveCfg = Debug|Any CPU
		{0639A7F8-9C15-434F-9941-A394F628B560}.Preview|Any CPU.Build.0 = Debug|Any CPU
		{0639A7F8-9C15-434F-9941-A394F628B560}.Preview|x64.ActiveCfg = Debug|Any CPU
		{0639A7F8-9C15-434F-9941-A394F628B560}.Preview|x64.Build.0 = Debug|Any CPU
		{0639A7F8-9C15-434F-9941-A394F628B560}.Preview|x86.ActiveCfg = Debug|Any CPU
		{0639A7F8-9C15-434F-9941-A394F628B560}.Preview|x86.Build.0 = Debug|Any CPU
		{0639A7F8-9C15-434F-9941-A394F628B560}.Release|Any CPU.ActiveCfg = Release|Any CPU
		{0639A7F8-9C15-434F-9941-A394F628B560}.Release|Any CPU.Build.0 = Release|Any CPU
		{0639A7F8-9C15-434F-9941-A394F628B560}.Release|x64.ActiveCfg = Release|Any CPU
		{0639A7F8-9C15-434F-9941-A394F628B560}.Release|x64.Build.0 = Release|Any CPU
		{0639A7F8-9C15-434F-9941-A394F628B560}.Release|x86.ActiveCfg = Release|Any CPU
		{0639A7F8-9C15-434F-9941-A394F628B560}.Release|x86.Build.0 = Release|Any CPU
	EndGlobalSection
	GlobalSection(SolutionProperties) = preSolution
		HideSolutionNode = FALSE
	EndGlobalSection
	GlobalSection(NestedProjects) = preSolution
		{B2C3D4E5-F6A7-8901-2345-678901BCDEF0} = {8D8F7F3E-1C8C-4B3E-B9A0-3F0C2E5F1234}
		{C3D4E5F6-A7B8-9012-3456-789012CDEF01} = {9E9F8F4E-2D9D-5C4F-C0B1-4F1D3E6F2345}
		{69582C63-FF31-4874-87A0-6FFB7C087184} = {8D8F7F3E-1C8C-4B3E-B9A0-3F0C2E5F1234}
		{C762842E-D3DD-4556-8F49-EB5E283CBB29} = {8D8F7F3E-1C8C-4B3E-B9A0-3F0C2E5F1234}
		{4CD47176-42A5-4FFB-BD2A-36FCC394D47E} = {9E9F8F4E-2D9D-5C4F-C0B1-4F1D3E6F2345}
		{04A2E17C-06BA-42D9-B719-D33B71D871FA} = {8D8F7F3E-1C8C-4B3E-B9A0-3F0C2E5F1234}
		{C211EDA9-1946-4DEB-9B05-82DD21B08AC9} = {8D8F7F3E-1C8C-4B3E-B9A0-3F0C2E5F1234}
		{E87FE1B3-2434-471A-9594-783A1011B7D9} = {8D8F7F3E-1C8C-4B3E-B9A0-3F0C2E5F1234}
		{C88B9C2F-B25B-4578-93EF-4FE3A46148F8} = {9E9F8F4E-2D9D-5C4F-C0B1-4F1D3E6F2345}
		{9C45F25A-1FC8-484C-BCB5-7AF60C23EC25} = {9E9F8F4E-2D9D-5C4F-C0B1-4F1D3E6F2345}
		{CF9E8512-3306-4CEA-BEAF-426BCD373A5C} = {9E9F8F4E-2D9D-5C4F-C0B1-4F1D3E6F2345}
		{A1206C6F-2C18-E164-1334-8FCB7B064F21} = {5D20AA90-6969-D8BD-9DCD-8634F4692FDA}
		{C2B46ED7-6AE1-4289-BCE2-F3BEA26AAF99} = {A1206C6F-2C18-E164-1334-8FCB7B064F21}
		{AE49468D-5047-4B82-836A-DD3829C7F9AA} = {A1206C6F-2C18-E164-1334-8FCB7B064F21}
		{EECC876E-69A0-4FB1-88CF-7BA042A796E4} = {A1206C6F-2C18-E164-1334-8FCB7B064F21}
		{0639A7F8-9C15-434F-9941-A394F628B560} = {A1206C6F-2C18-E164-1334-8FCB7B064F21}
	EndGlobalSection
	GlobalSection(ExtensibilityGlobals) = postSolution
		SolutionGuid = {FEDCBA98-7654-3210-FEDC-BA9876543210}
	EndGlobalSection
EndGlobal
