Microsoft Visual Studio Solution File, Format Version 12.00
# Visual Studio Version 17
VisualStudioVersion = 17.5.2.0
MinimumVisualStudioVersion = 10.0.40219.1
Project("{FAE04EC0-301F-11D3-BF4B-00C04F79EFBC}") = "EnumBase", "EnumBase\EnumBase.csproj", "{18B3EA6A-C21D-B64D-A1D3-C489631F9917}"
EndProject
Project("{FAE04EC0-301F-11D3-BF4B-00C04F79EFBC}") = "EnumLibrary1", "EnumLibrary1\EnumLibrary1.csproj", "{587F29F0-C3F7-AC90-3CD7-FABC084D54B1}"
EndProject
Project("{FAE04EC0-301F-11D3-BF4B-00C04F79EFBC}") = "EnumLibrary2", "EnumLibrary2\EnumLibrary2.csproj", "{2D477D2E-9378-2A4B-5AB3-23270F572576}"
EndProject
Project("{FAE04EC0-301F-11D3-BF4B-00C04F79EFBC}") = "SampleAllOptionConsumer", "SampleAllOptionConsumer\SampleAllOptionConsumer.csproj", "{659C6AE9-8F75-6F6F-E601-A570C5B0C220}"
EndProject
Project("{FAE04EC0-301F-11D3-BF4B-00C04F79EFBC}") = "SampleOption1Consumer", "SampleOption1Consumer\SampleOption1Consumer.csproj", "{8DCBB9D8-E1D6-ACAE-00FD-C0D82F359965}"
EndProject
Global
	GlobalSection(SolutionConfigurationPlatforms) = preSolution
		Debug|Any CPU = Debug|Any CPU
		Release|Any CPU = Release|Any CPU
	EndGlobalSection
	GlobalSection(ProjectConfigurationPlatforms) = postSolution
		{18B3EA6A-C21D-B64D-A1D3-C489631F9917}.Debug|Any CPU.ActiveCfg = Debug|Any CPU
		{18B3EA6A-C21D-B64D-A1D3-C489631F9917}.Debug|Any CPU.Build.0 = Debug|Any CPU
		{18B3EA6A-C21D-B64D-A1D3-C489631F9917}.Release|Any CPU.ActiveCfg = Release|Any CPU
		{18B3EA6A-C21D-B64D-A1D3-C489631F9917}.Release|Any CPU.Build.0 = Release|Any CPU
		{587F29F0-C3F7-AC90-3CD7-FABC084D54B1}.Debug|Any CPU.ActiveCfg = Debug|Any CPU
		{587F29F0-C3F7-AC90-3CD7-FABC084D54B1}.Debug|Any CPU.Build.0 = Debug|Any CPU
		{587F29F0-C3F7-AC90-3CD7-FABC084D54B1}.Release|Any CPU.ActiveCfg = Release|Any CPU
		{587F29F0-C3F7-AC90-3CD7-FABC084D54B1}.Release|Any CPU.Build.0 = Release|Any CPU
		{2D477D2E-9378-2A4B-5AB3-23270F572576}.Debug|Any CPU.ActiveCfg = Debug|Any CPU
		{2D477D2E-9378-2A4B-5AB3-23270F572576}.Debug|Any CPU.Build.0 = Debug|Any CPU
		{2D477D2E-9378-2A4B-5AB3-23270F572576}.Release|Any CPU.ActiveCfg = Release|Any CPU
		{2D477D2E-9378-2A4B-5AB3-23270F572576}.Release|Any CPU.Build.0 = Release|Any CPU
		{659C6AE9-8F75-6F6F-E601-A570C5B0C220}.Debug|Any CPU.ActiveCfg = Debug|Any CPU
		{659C6AE9-8F75-6F6F-E601-A570C5B0C220}.Debug|Any CPU.Build.0 = Debug|Any CPU
		{659C6AE9-8F75-6F6F-E601-A570C5B0C220}.Release|Any CPU.ActiveCfg = Release|Any CPU
		{659C6AE9-8F75-6F6F-E601-A570C5B0C220}.Release|Any CPU.Build.0 = Release|Any CPU
		{8DCBB9D8-E1D6-ACAE-00FD-C0D82F359965}.Debug|Any CPU.ActiveCfg = Debug|Any CPU
		{8DCBB9D8-E1D6-ACAE-00FD-C0D82F359965}.Debug|Any CPU.Build.0 = Debug|Any CPU
		{8DCBB9D8-E1D6-ACAE-00FD-C0D82F359965}.Release|Any CPU.ActiveCfg = Release|Any CPU
		{8DCBB9D8-E1D6-ACAE-00FD-C0D82F359965}.Release|Any CPU.Build.0 = Release|Any CPU
	EndGlobalSection
	GlobalSection(SolutionProperties) = preSolution
		HideSolutionNode = FALSE
	EndGlobalSection
	GlobalSection(ExtensibilityGlobals) = postSolution
		SolutionGuid = {8F8B886C-F284-4F68-B842-2F3D6E157539}
	EndGlobalSection
EndGlobal
