Microsoft Visual Studio Solution File, Format Version 12.00
# Visual Studio Version 17
VisualStudioVersion = 17.5.2.0
MinimumVisualStudioVersion = 10.0.40219.1
Project("{FAE04EC0-301F-11D3-BF4B-00C04F79EFBC}") = "FractalDataWorks", "FractalDataWorks.csproj", "{A3B919D7-34E4-888E-693C-5E62BDAC8D15}"
EndProject
Global
	GlobalSection(SolutionConfigurationPlatforms) = preSolution
		Debug|Any CPU = Debug|Any CPU
		Release|Any CPU = Release|Any CPU
	EndGlobalSection
	GlobalSection(ProjectConfigurationPlatforms) = postSolution
		{A3B919D7-34E4-888E-693C-5E62BDAC8D15}.Debug|Any CPU.ActiveCfg = Debug|Any CPU
		{A3B919D7-34E4-888E-693C-5E62BDAC8D15}.Debug|Any CPU.Build.0 = Debug|Any CPU
		{A3B919D7-34E4-888E-693C-5E62BDAC8D15}.Release|Any CPU.ActiveCfg = Release|Any CPU
		{A3B919D7-34E4-888E-693C-5E62BDAC8D15}.Release|Any CPU.Build.0 = Release|Any CPU
	EndGlobalSection
	GlobalSection(SolutionProperties) = preSolution
		HideSolutionNode = FALSE
	EndGlobalSection
	GlobalSection(ExtensibilityGlobals) = postSolution
		SolutionGuid = {AA8B7B3B-DE30-4A3E-91B7-2326C8F8F3EA}
	EndGlobalSection
EndGlobal
